
Microsoft Visual Studio Solution File, Format Version 12.00
# Visual Studio 15
VisualStudioVersion = 15.0.28307.136
MinimumVisualStudioVersion = 10.0.40219.1
Project("{FAE04EC0-301F-11D3-BF4B-00C04F79EFBC}") = "xs.demos.backend.Android", "xs.demos.backend\xs.demos.backend.Android\xs.demos.backend.Android.csproj", "{24CE3C36-16B9-426D-AA0C-5961ECF8D88C}"
EndProject
Project("{FAE04EC0-301F-11D3-BF4B-00C04F79EFBC}") = "xs.demos.backend.iOS", "xs.demos.backend\xs.demos.backend.iOS\xs.demos.backend.iOS.csproj", "{175C0BDD-7993-4761-AE1F-27289E2EE0F2}"
EndProject
Project("{FAE04EC0-301F-11D3-BF4B-00C04F79EFBC}") = "xs.demos.backend.UWP", "xs.demos.backend\xs.demos.backend.UWP\xs.demos.backend.UWP.csproj", "{3287141A-D54B-4949-BAEF-B6D14660945F}"
EndProject
Project("{FAE04EC0-301F-11D3-BF4B-00C04F79EFBC}") = "xs.demos.backend.MobileAppService", "xs.demos.backend\xs.demos.backend.MobileAppService\xs.demos.backend.MobileAppService.csproj", "{64303283-F8EF-4BB0-8E86-12D646A4A4BD}"
EndProject
Project("{FAE04EC0-301F-11D3-BF4B-00C04F79EFBC}") = "xs.demos.backend", "xs.demos.backend\xs.demos.backend\xs.demos.backend.csproj", "{9BEEA012-6D4A-49B7-AFF9-4102FE6A4627}"
EndProject
Global
	GlobalSection(SolutionConfigurationPlatforms) = preSolution
		Debug|Any CPU = Debug|Any CPU
		Debug|ARM = Debug|ARM
		Debug|iPhone = Debug|iPhone
		Debug|iPhoneSimulator = Debug|iPhoneSimulator
		Debug|x64 = Debug|x64
		Debug|x86 = Debug|x86
		Release|Any CPU = Release|Any CPU
		Release|ARM = Release|ARM
		Release|iPhone = Release|iPhone
		Release|iPhoneSimulator = Release|iPhoneSimulator
		Release|x64 = Release|x64
		Release|x86 = Release|x86
	EndGlobalSection
	GlobalSection(ProjectConfigurationPlatforms) = postSolution
		{24CE3C36-16B9-426D-AA0C-5961ECF8D88C}.Debug|Any CPU.ActiveCfg = Debug|Any CPU
		{24CE3C36-16B9-426D-AA0C-5961ECF8D88C}.Debug|Any CPU.Build.0 = Debug|Any CPU
		{24CE3C36-16B9-426D-AA0C-5961ECF8D88C}.Debug|Any CPU.Deploy.0 = Debug|Any CPU
		{24CE3C36-16B9-426D-AA0C-5961ECF8D88C}.Debug|ARM.ActiveCfg = Debug|Any CPU
		{24CE3C36-16B9-426D-AA0C-5961ECF8D88C}.Debug|ARM.Build.0 = Debug|Any CPU
		{24CE3C36-16B9-426D-AA0C-5961ECF8D88C}.Debug|ARM.Deploy.0 = Debug|Any CPU
		{24CE3C36-16B9-426D-AA0C-5961ECF8D88C}.Debug|iPhone.ActiveCfg = Debug|Any CPU
		{24CE3C36-16B9-426D-AA0C-5961ECF8D88C}.Debug|iPhone.Build.0 = Debug|Any CPU
		{24CE3C36-16B9-426D-AA0C-5961ECF8D88C}.Debug|iPhone.Deploy.0 = Debug|Any CPU
		{24CE3C36-16B9-426D-AA0C-5961ECF8D88C}.Debug|iPhoneSimulator.ActiveCfg = Debug|Any CPU
		{24CE3C36-16B9-426D-AA0C-5961ECF8D88C}.Debug|iPhoneSimulator.Build.0 = Debug|Any CPU
		{24CE3C36-16B9-426D-AA0C-5961ECF8D88C}.Debug|iPhoneSimulator.Deploy.0 = Debug|Any CPU
		{24CE3C36-16B9-426D-AA0C-5961ECF8D88C}.Debug|x64.ActiveCfg = Debug|Any CPU
		{24CE3C36-16B9-426D-AA0C-5961ECF8D88C}.Debug|x64.Build.0 = Debug|Any CPU
		{24CE3C36-16B9-426D-AA0C-5961ECF8D88C}.Debug|x64.Deploy.0 = Debug|Any CPU
		{24CE3C36-16B9-426D-AA0C-5961ECF8D88C}.Debug|x86.ActiveCfg = Debug|Any CPU
		{24CE3C36-16B9-426D-AA0C-5961ECF8D88C}.Debug|x86.Build.0 = Debug|Any CPU
		{24CE3C36-16B9-426D-AA0C-5961ECF8D88C}.Debug|x86.Deploy.0 = Debug|Any CPU
		{24CE3C36-16B9-426D-AA0C-5961ECF8D88C}.Release|Any CPU.ActiveCfg = Release|Any CPU
		{24CE3C36-16B9-426D-AA0C-5961ECF8D88C}.Release|Any CPU.Build.0 = Release|Any CPU
		{24CE3C36-16B9-426D-AA0C-5961ECF8D88C}.Release|Any CPU.Deploy.0 = Release|Any CPU
		{24CE3C36-16B9-426D-AA0C-5961ECF8D88C}.Release|ARM.ActiveCfg = Release|Any CPU
		{24CE3C36-16B9-426D-AA0C-5961ECF8D88C}.Release|ARM.Build.0 = Release|Any CPU
		{24CE3C36-16B9-426D-AA0C-5961ECF8D88C}.Release|ARM.Deploy.0 = Release|Any CPU
		{24CE3C36-16B9-426D-AA0C-5961ECF8D88C}.Release|iPhone.ActiveCfg = Release|Any CPU
		{24CE3C36-16B9-426D-AA0C-5961ECF8D88C}.Release|iPhone.Build.0 = Release|Any CPU
		{24CE3C36-16B9-426D-AA0C-5961ECF8D88C}.Release|iPhone.Deploy.0 = Release|Any CPU
		{24CE3C36-16B9-426D-AA0C-5961ECF8D88C}.Release|iPhoneSimulator.ActiveCfg = Release|Any CPU
		{24CE3C36-16B9-426D-AA0C-5961ECF8D88C}.Release|iPhoneSimulator.Build.0 = Release|Any CPU
		{24CE3C36-16B9-426D-AA0C-5961ECF8D88C}.Release|iPhoneSimulator.Deploy.0 = Release|Any CPU
		{24CE3C36-16B9-426D-AA0C-5961ECF8D88C}.Release|x64.ActiveCfg = Release|Any CPU
		{24CE3C36-16B9-426D-AA0C-5961ECF8D88C}.Release|x64.Build.0 = Release|Any CPU
		{24CE3C36-16B9-426D-AA0C-5961ECF8D88C}.Release|x64.Deploy.0 = Release|Any CPU
		{24CE3C36-16B9-426D-AA0C-5961ECF8D88C}.Release|x86.ActiveCfg = Release|Any CPU
		{24CE3C36-16B9-426D-AA0C-5961ECF8D88C}.Release|x86.Build.0 = Release|Any CPU
		{24CE3C36-16B9-426D-AA0C-5961ECF8D88C}.Release|x86.Deploy.0 = Release|Any CPU
		{175C0BDD-7993-4761-AE1F-27289E2EE0F2}.Debug|Any CPU.ActiveCfg = Debug|iPhoneSimulator
		{175C0BDD-7993-4761-AE1F-27289E2EE0F2}.Debug|Any CPU.Build.0 = Debug|iPhoneSimulator
		{175C0BDD-7993-4761-AE1F-27289E2EE0F2}.Debug|Any CPU.Deploy.0 = Debug|iPhoneSimulator
		{175C0BDD-7993-4761-AE1F-27289E2EE0F2}.Debug|ARM.ActiveCfg = Debug|iPhone
		{175C0BDD-7993-4761-AE1F-27289E2EE0F2}.Debug|ARM.Build.0 = Debug|iPhone
		{175C0BDD-7993-4761-AE1F-27289E2EE0F2}.Debug|ARM.Deploy.0 = Debug|iPhone
		{175C0BDD-7993-4761-AE1F-27289E2EE0F2}.Debug|iPhone.ActiveCfg = Debug|iPhone
		{175C0BDD-7993-4761-AE1F-27289E2EE0F2}.Debug|iPhone.Build.0 = Debug|iPhone
		{175C0BDD-7993-4761-AE1F-27289E2EE0F2}.Debug|iPhone.Deploy.0 = Debug|iPhone
		{175C0BDD-7993-4761-AE1F-27289E2EE0F2}.Debug|iPhoneSimulator.ActiveCfg = Debug|iPhoneSimulator
		{175C0BDD-7993-4761-AE1F-27289E2EE0F2}.Debug|iPhoneSimulator.Build.0 = Debug|iPhoneSimulator
		{175C0BDD-7993-4761-AE1F-27289E2EE0F2}.Debug|iPhoneSimulator.Deploy.0 = Debug|iPhoneSimulator
		{175C0BDD-7993-4761-AE1F-27289E2EE0F2}.Debug|x64.ActiveCfg = Debug|iPhone
		{175C0BDD-7993-4761-AE1F-27289E2EE0F2}.Debug|x64.Build.0 = Debug|iPhone
		{175C0BDD-7993-4761-AE1F-27289E2EE0F2}.Debug|x64.Deploy.0 = Debug|iPhone
		{175C0BDD-7993-4761-AE1F-27289E2EE0F2}.Debug|x86.ActiveCfg = Debug|iPhone
		{175C0BDD-7993-4761-AE1F-27289E2EE0F2}.Debug|x86.Build.0 = Debug|iPhone
		{175C0BDD-7993-4761-AE1F-27289E2EE0F2}.Debug|x86.Deploy.0 = Debug|iPhone
		{175C0BDD-7993-4761-AE1F-27289E2EE0F2}.Release|Any CPU.ActiveCfg = Release|iPhone
		{175C0BDD-7993-4761-AE1F-27289E2EE0F2}.Release|Any CPU.Build.0 = Release|iPhone
		{175C0BDD-7993-4761-AE1F-27289E2EE0F2}.Release|Any CPU.Deploy.0 = Release|iPhone
		{175C0BDD-7993-4761-AE1F-27289E2EE0F2}.Release|ARM.ActiveCfg = Release|iPhone
		{175C0BDD-7993-4761-AE1F-27289E2EE0F2}.Release|ARM.Build.0 = Release|iPhone
		{175C0BDD-7993-4761-AE1F-27289E2EE0F2}.Release|ARM.Deploy.0 = Release|iPhone
		{175C0BDD-7993-4761-AE1F-27289E2EE0F2}.Release|iPhone.ActiveCfg = Release|iPhone
		{175C0BDD-7993-4761-AE1F-27289E2EE0F2}.Release|iPhone.Build.0 = Release|iPhone
		{175C0BDD-7993-4761-AE1F-27289E2EE0F2}.Release|iPhone.Deploy.0 = Release|iPhone
		{175C0BDD-7993-4761-AE1F-27289E2EE0F2}.Release|iPhoneSimulator.ActiveCfg = Release|iPhoneSimulator
		{175C0BDD-7993-4761-AE1F-27289E2EE0F2}.Release|iPhoneSimulator.Build.0 = Release|iPhoneSimulator
		{175C0BDD-7993-4761-AE1F-27289E2EE0F2}.Release|iPhoneSimulator.Deploy.0 = Release|iPhoneSimulator
		{175C0BDD-7993-4761-AE1F-27289E2EE0F2}.Release|x64.ActiveCfg = Release|iPhone
		{175C0BDD-7993-4761-AE1F-27289E2EE0F2}.Release|x64.Build.0 = Release|iPhone
		{175C0BDD-7993-4761-AE1F-27289E2EE0F2}.Release|x64.Deploy.0 = Release|iPhone
		{175C0BDD-7993-4761-AE1F-27289E2EE0F2}.Release|x86.ActiveCfg = Release|iPhone
		{175C0BDD-7993-4761-AE1F-27289E2EE0F2}.Release|x86.Build.0 = Release|iPhone
		{175C0BDD-7993-4761-AE1F-27289E2EE0F2}.Release|x86.Deploy.0 = Release|iPhone
		{3287141A-D54B-4949-BAEF-B6D14660945F}.Debug|Any CPU.ActiveCfg = Debug|x86
		{3287141A-D54B-4949-BAEF-B6D14660945F}.Debug|Any CPU.Build.0 = Debug|x86
		{3287141A-D54B-4949-BAEF-B6D14660945F}.Debug|Any CPU.Deploy.0 = Debug|x86
		{3287141A-D54B-4949-BAEF-B6D14660945F}.Debug|ARM.ActiveCfg = Debug|ARM
		{3287141A-D54B-4949-BAEF-B6D14660945F}.Debug|ARM.Build.0 = Debug|ARM
		{3287141A-D54B-4949-BAEF-B6D14660945F}.Debug|ARM.Deploy.0 = Debug|ARM
		{3287141A-D54B-4949-BAEF-B6D14660945F}.Debug|iPhone.ActiveCfg = Debug|x86
		{3287141A-D54B-4949-BAEF-B6D14660945F}.Debug|iPhone.Build.0 = Debug|x86
		{3287141A-D54B-4949-BAEF-B6D14660945F}.Debug|iPhone.Deploy.0 = Debug|x86
		{3287141A-D54B-4949-BAEF-B6D14660945F}.Debug|iPhoneSimulator.ActiveCfg = Debug|x86
		{3287141A-D54B-4949-BAEF-B6D14660945F}.Debug|iPhoneSimulator.Build.0 = Debug|x86
		{3287141A-D54B-4949-BAEF-B6D14660945F}.Debug|iPhoneSimulator.Deploy.0 = Debug|x86
		{3287141A-D54B-4949-BAEF-B6D14660945F}.Debug|x64.ActiveCfg = Debug|x64
		{3287141A-D54B-4949-BAEF-B6D14660945F}.Debug|x64.Build.0 = Debug|x64
		{3287141A-D54B-4949-BAEF-B6D14660945F}.Debug|x64.Deploy.0 = Debug|x64
		{3287141A-D54B-4949-BAEF-B6D14660945F}.Debug|x86.ActiveCfg = Debug|x86
		{3287141A-D54B-4949-BAEF-B6D14660945F}.Debug|x86.Build.0 = Debug|x86
		{3287141A-D54B-4949-BAEF-B6D14660945F}.Debug|x86.Deploy.0 = Debug|x86
		{3287141A-D54B-4949-BAEF-B6D14660945F}.Release|Any CPU.ActiveCfg = Release|x86
		{3287141A-D54B-4949-BAEF-B6D14660945F}.Release|Any CPU.Build.0 = Release|x86
		{3287141A-D54B-4949-BAEF-B6D14660945F}.Release|Any CPU.Deploy.0 = Release|x86
		{3287141A-D54B-4949-BAEF-B6D14660945F}.Release|ARM.ActiveCfg = Release|ARM
		{3287141A-D54B-4949-BAEF-B6D14660945F}.Release|ARM.Build.0 = Release|ARM
		{3287141A-D54B-4949-BAEF-B6D14660945F}.Release|ARM.Deploy.0 = Release|ARM
		{3287141A-D54B-4949-BAEF-B6D14660945F}.Release|iPhone.ActiveCfg = Release|x86
		{3287141A-D54B-4949-BAEF-B6D14660945F}.Release|iPhone.Build.0 = Release|x86
		{3287141A-D54B-4949-BAEF-B6D14660945F}.Release|iPhone.Deploy.0 = Release|x86
		{3287141A-D54B-4949-BAEF-B6D14660945F}.Release|iPhoneSimulator.ActiveCfg = Release|x86
		{3287141A-D54B-4949-BAEF-B6D14660945F}.Release|iPhoneSimulator.Build.0 = Release|x86
		{3287141A-D54B-4949-BAEF-B6D14660945F}.Release|iPhoneSimulator.Deploy.0 = Release|x86
		{3287141A-D54B-4949-BAEF-B6D14660945F}.Release|x64.ActiveCfg = Release|x64
		{3287141A-D54B-4949-BAEF-B6D14660945F}.Release|x64.Build.0 = Release|x64
		{3287141A-D54B-4949-BAEF-B6D14660945F}.Release|x64.Deploy.0 = Release|x64
		{3287141A-D54B-4949-BAEF-B6D14660945F}.Release|x86.ActiveCfg = Release|x86
		{3287141A-D54B-4949-BAEF-B6D14660945F}.Release|x86.Build.0 = Release|x86
		{3287141A-D54B-4949-BAEF-B6D14660945F}.Release|x86.Deploy.0 = Release|x86
		{64303283-F8EF-4BB0-8E86-12D646A4A4BD}.Debug|Any CPU.ActiveCfg = Debug|Any CPU
		{64303283-F8EF-4BB0-8E86-12D646A4A4BD}.Debug|Any CPU.Build.0 = Debug|Any CPU
		{64303283-F8EF-4BB0-8E86-12D646A4A4BD}.Debug|Any CPU.Deploy.0 = Debug|Any CPU
		{64303283-F8EF-4BB0-8E86-12D646A4A4BD}.Debug|ARM.ActiveCfg = Debug|Any CPU
		{64303283-F8EF-4BB0-8E86-12D646A4A4BD}.Debug|ARM.Build.0 = Debug|Any CPU
		{64303283-F8EF-4BB0-8E86-12D646A4A4BD}.Debug|ARM.Deploy.0 = Debug|Any CPU
		{64303283-F8EF-4BB0-8E86-12D646A4A4BD}.Debug|iPhone.ActiveCfg = Debug|Any CPU
		{64303283-F8EF-4BB0-8E86-12D646A4A4BD}.Debug|iPhone.Build.0 = Debug|Any CPU
		{64303283-F8EF-4BB0-8E86-12D646A4A4BD}.Debug|iPhone.Deploy.0 = Debug|Any CPU
		{64303283-F8EF-4BB0-8E86-12D646A4A4BD}.Debug|iPhoneSimulator.ActiveCfg = Debug|Any CPU
		{64303283-F8EF-4BB0-8E86-12D646A4A4BD}.Debug|iPhoneSimulator.Build.0 = Debug|Any CPU
		{64303283-F8EF-4BB0-8E86-12D646A4A4BD}.Debug|iPhoneSimulator.Deploy.0 = Debug|Any CPU
		{64303283-F8EF-4BB0-8E86-12D646A4A4BD}.Debug|x64.ActiveCfg = Debug|Any CPU
		{64303283-F8EF-4BB0-8E86-12D646A4A4BD}.Debug|x64.Build.0 = Debug|Any CPU
		{64303283-F8EF-4BB0-8E86-12D646A4A4BD}.Debug|x64.Deploy.0 = Debug|Any CPU
		{64303283-F8EF-4BB0-8E86-12D646A4A4BD}.Debug|x86.ActiveCfg = Debug|Any CPU
		{64303283-F8EF-4BB0-8E86-12D646A4A4BD}.Debug|x86.Build.0 = Debug|Any CPU
		{64303283-F8EF-4BB0-8E86-12D646A4A4BD}.Debug|x86.Deploy.0 = Debug|Any CPU
		{64303283-F8EF-4BB0-8E86-12D646A4A4BD}.Release|Any CPU.ActiveCfg = Release|Any CPU
		{64303283-F8EF-4BB0-8E86-12D646A4A4BD}.Release|Any CPU.Build.0 = Release|Any CPU
		{64303283-F8EF-4BB0-8E86-12D646A4A4BD}.Release|Any CPU.Deploy.0 = Release|Any CPU
		{64303283-F8EF-4BB0-8E86-12D646A4A4BD}.Release|ARM.ActiveCfg = Release|Any CPU
		{64303283-F8EF-4BB0-8E86-12D646A4A4BD}.Release|ARM.Build.0 = Release|Any CPU
		{64303283-F8EF-4BB0-8E86-12D646A4A4BD}.Release|ARM.Deploy.0 = Release|Any CPU
		{64303283-F8EF-4BB0-8E86-12D646A4A4BD}.Release|iPhone.ActiveCfg = Release|Any CPU
		{64303283-F8EF-4BB0-8E86-12D646A4A4BD}.Release|iPhone.Build.0 = Release|Any CPU
		{64303283-F8EF-4BB0-8E86-12D646A4A4BD}.Release|iPhone.Deploy.0 = Release|Any CPU
		{64303283-F8EF-4BB0-8E86-12D646A4A4BD}.Release|iPhoneSimulator.ActiveCfg = Release|Any CPU
		{64303283-F8EF-4BB0-8E86-12D646A4A4BD}.Release|iPhoneSimulator.Build.0 = Release|Any CPU
		{64303283-F8EF-4BB0-8E86-12D646A4A4BD}.Release|iPhoneSimulator.Deploy.0 = Release|Any CPU
		{64303283-F8EF-4BB0-8E86-12D646A4A4BD}.Release|x64.ActiveCfg = Release|Any CPU
		{64303283-F8EF-4BB0-8E86-12D646A4A4BD}.Release|x64.Build.0 = Release|Any CPU
		{64303283-F8EF-4BB0-8E86-12D646A4A4BD}.Release|x64.Deploy.0 = Release|Any CPU
		{64303283-F8EF-4BB0-8E86-12D646A4A4BD}.Release|x86.ActiveCfg = Release|Any CPU
		{64303283-F8EF-4BB0-8E86-12D646A4A4BD}.Release|x86.Build.0 = Release|Any CPU
		{64303283-F8EF-4BB0-8E86-12D646A4A4BD}.Release|x86.Deploy.0 = Release|Any CPU
		{9BEEA012-6D4A-49B7-AFF9-4102FE6A4627}.Debug|Any CPU.ActiveCfg = Debug|Any CPU
		{9BEEA012-6D4A-49B7-AFF9-4102FE6A4627}.Debug|Any CPU.Build.0 = Debug|Any CPU
		{9BEEA012-6D4A-49B7-AFF9-4102FE6A4627}.Debug|Any CPU.Deploy.0 = Debug|Any CPU
		{9BEEA012-6D4A-49B7-AFF9-4102FE6A4627}.Debug|ARM.ActiveCfg = Debug|Any CPU
		{9BEEA012-6D4A-49B7-AFF9-4102FE6A4627}.Debug|ARM.Build.0 = Debug|Any CPU
		{9BEEA012-6D4A-49B7-AFF9-4102FE6A4627}.Debug|ARM.Deploy.0 = Debug|Any CPU
		{9BEEA012-6D4A-49B7-AFF9-4102FE6A4627}.Debug|iPhone.ActiveCfg = Debug|Any CPU
		{9BEEA012-6D4A-49B7-AFF9-4102FE6A4627}.Debug|iPhone.Build.0 = Debug|Any CPU
		{9BEEA012-6D4A-49B7-AFF9-4102FE6A4627}.Debug|iPhone.Deploy.0 = Debug|Any CPU
		{9BEEA012-6D4A-49B7-AFF9-4102FE6A4627}.Debug|iPhoneSimulator.ActiveCfg = Debug|Any CPU
		{9BEEA012-6D4A-49B7-AFF9-4102FE6A4627}.Debug|iPhoneSimulator.Build.0 = Debug|Any CPU
		{9BEEA012-6D4A-49B7-AFF9-4102FE6A4627}.Debug|iPhoneSimulator.Deploy.0 = Debug|Any CPU
		{9BEEA012-6D4A-49B7-AFF9-4102FE6A4627}.Debug|x64.ActiveCfg = Debug|Any CPU
		{9BEEA012-6D4A-49B7-AFF9-4102FE6A4627}.Debug|x64.Build.0 = Debug|Any CPU
		{9BEEA012-6D4A-49B7-AFF9-4102FE6A4627}.Debug|x64.Deploy.0 = Debug|Any CPU
		{9BEEA012-6D4A-49B7-AFF9-4102FE6A4627}.Debug|x86.ActiveCfg = Debug|Any CPU
		{9BEEA012-6D4A-49B7-AFF9-4102FE6A4627}.Debug|x86.Build.0 = Debug|Any CPU
		{9BEEA012-6D4A-49B7-AFF9-4102FE6A4627}.Debug|x86.Deploy.0 = Debug|Any CPU
		{9BEEA012-6D4A-49B7-AFF9-4102FE6A4627}.Release|Any CPU.ActiveCfg = Release|Any CPU
		{9BEEA012-6D4A-49B7-AFF9-4102FE6A4627}.Release|Any CPU.Build.0 = Release|Any CPU
		{9BEEA012-6D4A-49B7-AFF9-4102FE6A4627}.Release|Any CPU.Deploy.0 = Release|Any CPU
		{9BEEA012-6D4A-49B7-AFF9-4102FE6A4627}.Release|ARM.ActiveCfg = Release|Any CPU
		{9BEEA012-6D4A-49B7-AFF9-4102FE6A4627}.Release|ARM.Build.0 = Release|Any CPU
		{9BEEA012-6D4A-49B7-AFF9-4102FE6A4627}.Release|ARM.Deploy.0 = Release|Any CPU
		{9BEEA012-6D4A-49B7-AFF9-4102FE6A4627}.Release|iPhone.ActiveCfg = Release|Any CPU
		{9BEEA012-6D4A-49B7-AFF9-4102FE6A4627}.Release|iPhone.Build.0 = Release|Any CPU
		{9BEEA012-6D4A-49B7-AFF9-4102FE6A4627}.Release|iPhone.Deploy.0 = Release|Any CPU
		{9BEEA012-6D4A-49B7-AFF9-4102FE6A4627}.Release|iPhoneSimulator.ActiveCfg = Release|Any CPU
		{9BEEA012-6D4A-49B7-AFF9-4102FE6A4627}.Release|iPhoneSimulator.Build.0 = Release|Any CPU
		{9BEEA012-6D4A-49B7-AFF9-4102FE6A4627}.Release|iPhoneSimulator.Deploy.0 = Release|Any CPU
		{9BEEA012-6D4A-49B7-AFF9-4102FE6A4627}.Release|x64.ActiveCfg = Release|Any CPU
		{9BEEA012-6D4A-49B7-AFF9-4102FE6A4627}.Release|x64.Build.0 = Release|Any CPU
		{9BEEA012-6D4A-49B7-AFF9-4102FE6A4627}.Release|x64.Deploy.0 = Release|Any CPU
		{9BEEA012-6D4A-49B7-AFF9-4102FE6A4627}.Release|x86.ActiveCfg = Release|Any CPU
		{9BEEA012-6D4A-49B7-AFF9-4102FE6A4627}.Release|x86.Build.0 = Release|Any CPU
		{9BEEA012-6D4A-49B7-AFF9-4102FE6A4627}.Release|x86.Deploy.0 = Release|Any CPU
	EndGlobalSection
	GlobalSection(SolutionProperties) = preSolution
		HideSolutionNode = FALSE
	EndGlobalSection
	GlobalSection(ExtensibilityGlobals) = postSolution
		SolutionGuid = {1565FE25-F9A9-4A57-BF0B-79B4FB705DB4}
	EndGlobalSection
EndGlobal
